
Microsoft Visual Studio Solution File, Format Version 12.00
# Visual Studio Version 17
VisualStudioVersion = 17.11.35327.3
MinimumVisualStudioVersion = 10.0.40219.1
Project("{9A19103F-16F7-4668-BE54-9A1E7A4F7556}") = "WebApplication1", "WebApplication1\WebApplication1.csproj", "{0D519350-3B36-46D1-95B2-0573846EFF06}"
EndProject
Project("{FAE04EC0-301F-11D3-BF4B-00C04F79EFBC}") = "TestProject1", "TestProject1\TestProject1.csproj", "{38E68E20-F9CA-4082-AC07-6042445D38C4}"
EndProject
Global
	GlobalSection(SolutionConfigurationPlatforms) = preSolution
		Debug|Any CPU = Debug|Any CPU
		Release|Any CPU = Release|Any CPU
	EndGlobalSection
	GlobalSection(ProjectConfigurationPlatforms) = postSolution
		{0D519350-3B36-46D1-95B2-0573846EFF06}.Debug|Any CPU.ActiveCfg = Debug|Any CPU
		{0D519350-3B36-46D1-95B2-0573846EFF06}.Debug|Any CPU.Build.0 = Debug|Any CPU
		{0D519350-3B36-46D1-95B2-0573846EFF06}.Release|Any CPU.ActiveCfg = Release|Any CPU
		{0D519350-3B36-46D1-95B2-0573846EFF06}.Release|Any CPU.Build.0 = Release|Any CPU
		{38E68E20-F9CA-4082-AC07-6042445D38C4}.Debug|Any CPU.ActiveCfg = Debug|Any CPU
		{38E68E20-F9CA-4082-AC07-6042445D38C4}.Debug|Any CPU.Build.0 = Debug|Any CPU
		{38E68E20-F9CA-4082-AC07-6042445D38C4}.Release|Any CPU.ActiveCfg = Release|Any CPU
		{38E68E20-F9CA-4082-AC07-6042445D38C4}.Release|Any CPU.Build.0 = Release|Any CPU
	EndGlobalSection
	GlobalSection(SolutionProperties) = preSolution
		HideSolutionNode = FALSE
	EndGlobalSection
	GlobalSection(ExtensibilityGlobals) = postSolution
		SolutionGuid = {947240E0-9892-459C-8AE7-409C1768E7EB}
	EndGlobalSection
EndGlobal
